
Microsoft Visual Studio Solution File, Format Version 12.00
# Visual Studio Version 17
VisualStudioVersion = 17.13.35825.156 d17.13
MinimumVisualStudioVersion = 10.0.40219.1
Project("{FAE04EC0-301F-11D3-BF4B-00C04F79EFBC}") = "EF_6", "EF_6.csproj", "{13DCE5AB-1F4A-4671-AB86-67CD537B6748}"
EndProject
Global
	GlobalSection(SolutionConfigurationPlatforms) = preSolution
		Debug|Any CPU = Debug|Any CPU
		Release|Any CPU = Release|Any CPU
	EndGlobalSection
	GlobalSection(ProjectConfigurationPlatforms) = postSolution
		{13DCE5AB-1F4A-4671-AB86-67CD537B6748}.Debug|Any CPU.ActiveCfg = Debug|Any CPU
		{13DCE5AB-1F4A-4671-AB86-67CD537B6748}.Debug|Any CPU.Build.0 = Debug|Any CPU
		{13DCE5AB-1F4A-4671-AB86-67CD537B6748}.Release|Any CPU.ActiveCfg = Release|Any CPU
		{13DCE5AB-1F4A-4671-AB86-67CD537B6748}.Release|Any CPU.Build.0 = Release|Any CPU
	EndGlobalSection
	GlobalSection(SolutionProperties) = preSolution
		HideSolutionNode = FALSE
	EndGlobalSection
	GlobalSection(ExtensibilityGlobals) = postSolution
		SolutionGuid = {FB044B1E-2882-4116-AD3E-D361FA7E216B}
	EndGlobalSection
EndGlobal
